// !$*UTF8*$!
{
	archiveVersion = 1;
	classes = {
	};
	objectVersion = 55;
	objects = {

/* Begin PBXBuildFile section */
		35E4143829163673005F2194 /* OpenGL.framework in Frameworks */ = {isa = PBXBuildFile; fileRef = 35E4143729163673005F2194 /* OpenGL.framework */; };
		35E4143A29163B1D005F2194 /* libGLEW.2.2.0.dylib in Frameworks */ = {isa = PBXBuildFile; fileRef = 35E4143929163B1D005F2194 /* libGLEW.2.2.0.dylib */; };
		35E4143C29163B36005F2194 /* libglfw.3.3.dylib in Frameworks */ = {isa = PBXBuildFile; fileRef = 35E4143B29163B36005F2194 /* libglfw.3.3.dylib */; };
		35E4145829177164005F2194 /* Application.cpp in Sources */ = {isa = PBXBuildFile; fileRef = 35E4145629177164005F2194 /* Application.cpp */; };
		35E4145D2917789E005F2194 /* shader.cpp in Sources */ = {isa = PBXBuildFile; fileRef = 35E4145B2917789E005F2194 /* shader.cpp */; };
		35ECD52C291E673600B1925C /* IndexBuffer.cpp in Sources */ = {isa = PBXBuildFile; fileRef = 35ECD52A291E673600B1925C /* IndexBuffer.cpp */; };
		35ECD52F291E674500B1925C /* DataBuffer.cpp in Sources */ = {isa = PBXBuildFile; fileRef = 35ECD52D291E674500B1925C /* DataBuffer.cpp */; };
		35ECD532291E6DAD00B1925C /* VertexArray.cpp in Sources */ = {isa = PBXBuildFile; fileRef = 35ECD530291E6DAD00B1925C /* VertexArray.cpp */; };
/* End PBXBuildFile section */

/* Begin PBXCopyFilesBuildPhase section */
		35E4142A291634F7005F2194 /* CopyFiles */ = {
			isa = PBXCopyFilesBuildPhase;
			buildActionMask = 2147483647;
			dstPath = /usr/share/man/man1/;
			dstSubfolderSpec = 0;
			files = (
			);
			runOnlyForDeploymentPostprocessing = 1;
		};
/* End PBXCopyFilesBuildPhase section */

/* Begin PBXFileReference section */
		35E4142C291634F7005F2194 /* OpenGL */ = {isa = PBXFileReference; explicitFileType = "compiled.mach-o.executable"; includeInIndex = 0; path = OpenGL; sourceTree = BUILT_PRODUCTS_DIR; };
		35E4143729163673005F2194 /* OpenGL.framework */ = {isa = PBXFileReference; lastKnownFileType = wrapper.framework; name = OpenGL.framework; path = System/Library/Frameworks/OpenGL.framework; sourceTree = SDKROOT; };
		35E4143929163B1D005F2194 /* libGLEW.2.2.0.dylib */ = {isa = PBXFileReference; lastKnownFileType = "compiled.mach-o.dylib"; name = libGLEW.2.2.0.dylib; path = ../../../../opt/homebrew/Cellar/glew/2.2.0_1/lib/libGLEW.2.2.0.dylib; sourceTree = "<group>"; };
		35E4143B29163B36005F2194 /* libglfw.3.3.dylib */ = {isa = PBXFileReference; lastKnownFileType = "compiled.mach-o.dylib"; name = libglfw.3.3.dylib; path = ../../../../opt/homebrew/Cellar/glfw/3.3.8/lib/libglfw.3.3.dylib; sourceTree = "<group>"; };
		35E4145629177164005F2194 /* Application.cpp */ = {isa = PBXFileReference; lastKnownFileType = sourcecode.cpp.cpp; path = Application.cpp; sourceTree = "<group>"; };
		35E4145B2917789E005F2194 /* shader.cpp */ = {isa = PBXFileReference; lastKnownFileType = sourcecode.cpp.cpp; path = shader.cpp; sourceTree = "<group>"; };
		35E4145C2917789E005F2194 /* shader.hpp */ = {isa = PBXFileReference; lastKnownFileType = sourcecode.cpp.h; path = shader.hpp; sourceTree = "<group>"; };
		35E4145E291778F5005F2194 /* SimpleFragmentShader.fragmentshader */ = {isa = PBXFileReference; lastKnownFileType = text; path = SimpleFragmentShader.fragmentshader; sourceTree = "<group>"; };
		35E4145F2917790D005F2194 /* SimpleVertexShader.vertexshader */ = {isa = PBXFileReference; lastKnownFileType = text; path = SimpleVertexShader.vertexshader; sourceTree = "<group>"; };
		35ECD52A291E673600B1925C /* IndexBuffer.cpp */ = {isa = PBXFileReference; lastKnownFileType = sourcecode.cpp.cpp; path = IndexBuffer.cpp; sourceTree = "<group>"; };
		35ECD52B291E673600B1925C /* IndexBuffer.hpp */ = {isa = PBXFileReference; lastKnownFileType = sourcecode.cpp.h; path = IndexBuffer.hpp; sourceTree = "<group>"; };
		35ECD52D291E674500B1925C /* DataBuffer.cpp */ = {isa = PBXFileReference; lastKnownFileType = sourcecode.cpp.cpp; path = DataBuffer.cpp; sourceTree = "<group>"; };
		35ECD52E291E674500B1925C /* DataBuffer.hpp */ = {isa = PBXFileReference; lastKnownFileType = sourcecode.cpp.h; path = DataBuffer.hpp; sourceTree = "<group>"; };
		35ECD530291E6DAD00B1925C /* VertexArray.cpp */ = {isa = PBXFileReference; lastKnownFileType = sourcecode.cpp.cpp; path = VertexArray.cpp; sourceTree = "<group>"; };
		35ECD531291E6DAD00B1925C /* VertexArray.hpp */ = {isa = PBXFileReference; lastKnownFileType = sourcecode.cpp.h; path = VertexArray.hpp; sourceTree = "<group>"; };
/* End PBXFileReference section */

/* Begin PBXFrameworksBuildPhase section */
		35E41429291634F7005F2194 /* Frameworks */ = {
			isa = PBXFrameworksBuildPhase;
			buildActionMask = 2147483647;
			files = (
				35E4143C29163B36005F2194 /* libglfw.3.3.dylib in Frameworks */,
				35E4143A29163B1D005F2194 /* libGLEW.2.2.0.dylib in Frameworks */,
				35E4143829163673005F2194 /* OpenGL.framework in Frameworks */,
			);
			runOnlyForDeploymentPostprocessing = 0;
		};
/* End PBXFrameworksBuildPhase section */

/* Begin PBXGroup section */
		35E41423291634F7005F2194 = {
			isa = PBXGroup;
			children = (
				35E4142E291634F7005F2194 /* OpenGL */,
				35E4142D291634F7005F2194 /* Products */,
				35E4143629163673005F2194 /* Frameworks */,
			);
			sourceTree = "<group>";
		};
		35E4142D291634F7005F2194 /* Products */ = {
			isa = PBXGroup;
			children = (
				35E4142C291634F7005F2194 /* OpenGL */,
			);
			name = Products;
			sourceTree = "<group>";
		};
		35E4142E291634F7005F2194 /* OpenGL */ = {
			isa = PBXGroup;
			children = (
				35E4145429177119005F2194 /* src */,
				35E41453291770FF005F2194 /* res */,
			);
			path = OpenGL;
			sourceTree = "<group>";
		};
		35E4143629163673005F2194 /* Frameworks */ = {
			isa = PBXGroup;
			children = (
				35E4143B29163B36005F2194 /* libglfw.3.3.dylib */,
				35E4143929163B1D005F2194 /* libGLEW.2.2.0.dylib */,
				35E4143729163673005F2194 /* OpenGL.framework */,
			);
			name = Frameworks;
			sourceTree = "<group>";
		};
		35E41453291770FF005F2194 /* res */ = {
			isa = PBXGroup;
			children = (
				35E41459291771AF005F2194 /* shaders */,
			);
			path = res;
			sourceTree = "<group>";
		};
		35E4145429177119005F2194 /* src */ = {
			isa = PBXGroup;
			children = (
				35ECD529291E672600B1925C /* gl_util */,
				35E4145A29177880005F2194 /* common */,
				35E4145629177164005F2194 /* Application.cpp */,
			);
			path = src;
			sourceTree = "<group>";
		};
		35E41459291771AF005F2194 /* shaders */ = {
			isa = PBXGroup;
			children = (
				35E4145E291778F5005F2194 /* SimpleFragmentShader.fragmentshader */,
				35E4145F2917790D005F2194 /* SimpleVertexShader.vertexshader */,
			);
			path = shaders;
			sourceTree = "<group>";
		};
		35E4145A29177880005F2194 /* common */ = {
			isa = PBXGroup;
			children = (
				35E4145B2917789E005F2194 /* shader.cpp */,
				35E4145C2917789E005F2194 /* shader.hpp */,
			);
			path = common;
			sourceTree = "<group>";
		};
		35ECD529291E672600B1925C /* gl_util */ = {
			isa = PBXGroup;
			children = (
				35ECD52A291E673600B1925C /* IndexBuffer.cpp */,
				35ECD52B291E673600B1925C /* IndexBuffer.hpp */,
				35ECD52D291E674500B1925C /* DataBuffer.cpp */,
				35ECD52E291E674500B1925C /* DataBuffer.hpp */,
				35ECD530291E6DAD00B1925C /* VertexArray.cpp */,
				35ECD531291E6DAD00B1925C /* VertexArray.hpp */,
			);
			path = gl_util;
			sourceTree = "<group>";
		};
/* End PBXGroup section */

/* Begin PBXNativeTarget section */
		35E4142B291634F7005F2194 /* OpenGL */ = {
			isa = PBXNativeTarget;
			buildConfigurationList = 35E41433291634F7005F2194 /* Build configuration list for PBXNativeTarget "OpenGL" */;
			buildPhases = (
				35E41428291634F7005F2194 /* Sources */,
				35E41429291634F7005F2194 /* Frameworks */,
				35E4142A291634F7005F2194 /* CopyFiles */,
			);
			buildRules = (
			);
			dependencies = (
			);
			name = OpenGL;
			productName = OpenGL;
			productReference = 35E4142C291634F7005F2194 /* OpenGL */;
			productType = "com.apple.product-type.tool";
		};
/* End PBXNativeTarget section */

/* Begin PBXProject section */
		35E41424291634F7005F2194 /* Project object */ = {
			isa = PBXProject;
			attributes = {
				BuildIndependentTargetsInParallel = 1;
				LastUpgradeCheck = 1330;
				TargetAttributes = {
					35E4142B291634F7005F2194 = {
						CreatedOnToolsVersion = 13.3;
					};
				};
			};
			buildConfigurationList = 35E41427291634F7005F2194 /* Build configuration list for PBXProject "OpenGL" */;
			compatibilityVersion = "Xcode 13.0";
			developmentRegion = en;
			hasScannedForEncodings = 0;
			knownRegions = (
				en,
				Base,
			);
			mainGroup = 35E41423291634F7005F2194;
			productRefGroup = 35E4142D291634F7005F2194 /* Products */;
			projectDirPath = "";
			projectRoot = "";
			targets = (
				35E4142B291634F7005F2194 /* OpenGL */,
			);
		};
/* End PBXProject section */

/* Begin PBXSourcesBuildPhase section */
		35E41428291634F7005F2194 /* Sources */ = {
			isa = PBXSourcesBuildPhase;
			buildActionMask = 2147483647;
			files = (
				35E4145D2917789E005F2194 /* shader.cpp in Sources */,
				35E4145829177164005F2194 /* Application.cpp in Sources */,
				35ECD52C291E673600B1925C /* IndexBuffer.cpp in Sources */,
				35ECD532291E6DAD00B1925C /* VertexArray.cpp in Sources */,
				35ECD52F291E674500B1925C /* DataBuffer.cpp in Sources */,
			);
			runOnlyForDeploymentPostprocessing = 0;
		};
/* End PBXSourcesBuildPhase section */

/* Begin XCBuildConfiguration section */
		35E41431291634F7005F2194 /* Debug */ = {
			isa = XCBuildConfiguration;
			buildSettings = {
				ALWAYS_SEARCH_USER_PATHS = NO;
				CLANG_ANALYZER_NONNULL = YES;
				CLANG_ANALYZER_NUMBER_OBJECT_CONVERSION = YES_AGGRESSIVE;
				CLANG_CXX_LANGUAGE_STANDARD = "gnu++17";
				CLANG_ENABLE_MODULES = YES;
				CLANG_ENABLE_OBJC_ARC = YES;
				CLANG_ENABLE_OBJC_WEAK = YES;
				CLANG_WARN_BLOCK_CAPTURE_AUTORELEASING = YES;
				CLANG_WARN_BOOL_CONVERSION = YES;
				CLANG_WARN_COMMA = YES;
				CLANG_WARN_CONSTANT_CONVERSION = YES;
				CLANG_WARN_DEPRECATED_OBJC_IMPLEMENTATIONS = YES;
				CLANG_WARN_DIRECT_OBJC_ISA_USAGE = YES_ERROR;
				CLANG_WARN_DOCUMENTATION_COMMENTS = YES;
				CLANG_WARN_EMPTY_BODY = YES;
				CLANG_WARN_ENUM_CONVERSION = YES;
				CLANG_WARN_INFINITE_RECURSION = YES;
				CLANG_WARN_INT_CONVERSION = YES;
				CLANG_WARN_NON_LITERAL_NULL_CONVERSION = YES;
				CLANG_WARN_OBJC_IMPLICIT_RETAIN_SELF = YES;
				CLANG_WARN_OBJC_LITERAL_CONVERSION = YES;
				CLANG_WARN_OBJC_ROOT_CLASS = YES_ERROR;
				CLANG_WARN_QUOTED_INCLUDE_IN_FRAMEWORK_HEADER = YES;
				CLANG_WARN_RANGE_LOOP_ANALYSIS = YES;
				CLANG_WARN_STRICT_PROTOTYPES = YES;
				CLANG_WARN_SUSPICIOUS_MOVE = YES;
				CLANG_WARN_UNGUARDED_AVAILABILITY = YES_AGGRESSIVE;
				CLANG_WARN_UNREACHABLE_CODE = YES;
				CLANG_WARN__DUPLICATE_METHOD_MATCH = YES;
				COPY_PHASE_STRIP = NO;
				DEBUG_INFORMATION_FORMAT = dwarf;
				ENABLE_STRICT_OBJC_MSGSEND = YES;
				ENABLE_TESTABILITY = YES;
				GCC_C_LANGUAGE_STANDARD = gnu11;
				GCC_DYNAMIC_NO_PIC = NO;
				GCC_NO_COMMON_BLOCKS = YES;
				GCC_OPTIMIZATION_LEVEL = 0;
				GCC_PREPROCESSOR_DEFINITIONS = (
					"DEBUG=1",
					"$(inherited)",
				);
				GCC_WARN_64_TO_32_BIT_CONVERSION = YES;
				GCC_WARN_ABOUT_RETURN_TYPE = YES_ERROR;
				GCC_WARN_UNDECLARED_SELECTOR = YES;
				GCC_WARN_UNINITIALIZED_AUTOS = YES_AGGRESSIVE;
				GCC_WARN_UNUSED_FUNCTION = YES;
				GCC_WARN_UNUSED_VARIABLE = YES;
				MACOSX_DEPLOYMENT_TARGET = 12.2;
				MTL_ENABLE_DEBUG_INFO = INCLUDE_SOURCE;
				MTL_FAST_MATH = YES;
				ONLY_ACTIVE_ARCH = YES;
				SDKROOT = macosx;
			};
			name = Debug;
		};
		35E41432291634F7005F2194 /* Release */ = {
			isa = XCBuildConfiguration;
			buildSettings = {
				ALWAYS_SEARCH_USER_PATHS = NO;
				CLANG_ANALYZER_NONNULL = YES;
				CLANG_ANALYZER_NUMBER_OBJECT_CONVERSION = YES_AGGRESSIVE;
				CLANG_CXX_LANGUAGE_STANDARD = "gnu++17";
				CLANG_ENABLE_MODULES = YES;
				CLANG_ENABLE_OBJC_ARC = YES;
				CLANG_ENABLE_OBJC_WEAK = YES;
				CLANG_WARN_BLOCK_CAPTURE_AUTORELEASING = YES;
				CLANG_WARN_BOOL_CONVERSION = YES;
				CLANG_WARN_COMMA = YES;
				CLANG_WARN_CONSTANT_CONVERSION = YES;
				CLANG_WARN_DEPRECATED_OBJC_IMPLEMENTATIONS = YES;
				CLANG_WARN_DIRECT_OBJC_ISA_USAGE = YES_ERROR;
				CLANG_WARN_DOCUMENTATION_COMMENTS = YES;
				CLANG_WARN_EMPTY_BODY = YES;
				CLANG_WARN_ENUM_CONVERSION = YES;
				CLANG_WARN_INFINITE_RECURSION = YES;
				CLANG_WARN_INT_CONVERSION = YES;
				CLANG_WARN_NON_LITERAL_NULL_CONVERSION = YES;
				CLANG_WARN_OBJC_IMPLICIT_RETAIN_SELF = YES;
				CLANG_WARN_OBJC_LITERAL_CONVERSION = YES;
				CLANG_WARN_OBJC_ROOT_CLASS = YES_ERROR;
				CLANG_WARN_QUOTED_INCLUDE_IN_FRAMEWORK_HEADER = YES;
				CLANG_WARN_RANGE_LOOP_ANALYSIS = YES;
				CLANG_WARN_STRICT_PROTOTYPES = YES;
				CLANG_WARN_SUSPICIOUS_MOVE = YES;
				CLANG_WARN_UNGUARDED_AVAILABILITY = YES_AGGRESSIVE;
				CLANG_WARN_UNREACHABLE_CODE = YES;
				CLANG_WARN__DUPLICATE_METHOD_MATCH = YES;
				COPY_PHASE_STRIP = NO;
				DEBUG_INFORMATION_FORMAT = "dwarf-with-dsym";
				ENABLE_NS_ASSERTIONS = NO;
				ENABLE_STRICT_OBJC_MSGSEND = YES;
				GCC_C_LANGUAGE_STANDARD = gnu11;
				GCC_NO_COMMON_BLOCKS = YES;
				GCC_WARN_64_TO_32_BIT_CONVERSION = YES;
				GCC_WARN_ABOUT_RETURN_TYPE = YES_ERROR;
				GCC_WARN_UNDECLARED_SELECTOR = YES;
				GCC_WARN_UNINITIALIZED_AUTOS = YES_AGGRESSIVE;
				GCC_WARN_UNUSED_FUNCTION = YES;
				GCC_WARN_UNUSED_VARIABLE = YES;
				MACOSX_DEPLOYMENT_TARGET = 12.2;
				MTL_ENABLE_DEBUG_INFO = NO;
				MTL_FAST_MATH = YES;
				SDKROOT = macosx;
			};
			name = Release;
		};
		35E41434291634F7005F2194 /* Debug */ = {
			isa = XCBuildConfiguration;
			buildSettings = {
				CODE_SIGN_STYLE = Automatic;
				"HEADER_SEARCH_PATHS[arch=*]" = (
					/opt/homebrew/Cellar/glfw/3.3.8/include/,
					/opt/homebrew/Cellar/glew/2.2.0_1/include/,
				);
				LIBRARY_SEARCH_PATHS = (
					"$(inherited)",
					/opt/homebrew/Cellar/glew/2.2.0_1/lib,
					/opt/homebrew/Cellar/glfw/3.3.8/lib,
				);
				PRODUCT_NAME = "$(TARGET_NAME)";
			};
			name = Debug;
		};
		35E41435291634F7005F2194 /* Release */ = {
			isa = XCBuildConfiguration;
			buildSettings = {
				CODE_SIGN_STYLE = Automatic;
				LIBRARY_SEARCH_PATHS = (
					"$(inherited)",
					/opt/homebrew/Cellar/glew/2.2.0_1/lib,
					/opt/homebrew/Cellar/glfw/3.3.8/lib,
				);
				PRODUCT_NAME = "$(TARGET_NAME)";
			};
			name = Release;
		};
/* End XCBuildConfiguration section */

/* Begin XCConfigurationList section */
		35E41427291634F7005F2194 /* Build configuration list for PBXProject "OpenGL" */ = {
			isa = XCConfigurationList;
			buildConfigurations = (
				35E41431291634F7005F2194 /* Debug */,
				35E41432291634F7005F2194 /* Release */,
			);
			defaultConfigurationIsVisible = 0;
			defaultConfigurationName = Release;
		};
		35E41433291634F7005F2194 /* Build configuration list for PBXNativeTarget "OpenGL" */ = {
			isa = XCConfigurationList;
			buildConfigurations = (
				35E41434291634F7005F2194 /* Debug */,
				35E41435291634F7005F2194 /* Release */,
			);
			defaultConfigurationIsVisible = 0;
			defaultConfigurationName = Release;
		};
/* End XCConfigurationList section */
	};
	rootObject = 35E41424291634F7005F2194 /* Project object */;
}
